
Microsoft Visual Studio Solution File, Format Version 12.00
# Visual Studio 14
VisualStudioVersion = 14.0.23107.0
MinimumVisualStudioVersion = 10.0.40219.1
Project("{FAE04EC0-301F-11D3-BF4B-00C04F79EFBC}") = "EC", "EC\EC\EC.csproj", "{E0934903-F647-4A58-8811-513D65D725BD}"
EndProject
Project("{FAE04EC0-301F-11D3-BF4B-00C04F79EFBC}") = "EC.iOS", "EC\EC.iOS\EC.iOS.csproj", "{AF0ACC7E-6D1F-448C-93EB-8D986BBAE3CF}"
EndProject
Project("{FAE04EC0-301F-11D3-BF4B-00C04F79EFBC}") = "EC.Droid", "EC\EC.Droid\EC.Droid.csproj", "{B587D0F7-5E6A-4A9B-8F9C-71B3BC77088B}"
EndProject
Project("{FAE04EC0-301F-11D3-BF4B-00C04F79EFBC}") = "EC.WinPhone", "EC\EC.WinPhone\EC.WinPhone.csproj", "{7F64D4DC-9450-4810-9EF2-B10F9813F42B}"
EndProject
Project("{2150E333-8FDC-42A3-9474-1A3956D46DE8}") = "Common", "Common", "{D47C2F75-E8FF-41D7-BFF3-7639E4CEF8B8}"
EndProject
Project("{2150E333-8FDC-42A3-9474-1A3956D46DE8}") = "Native Mobile Apps", "Native Mobile Apps", "{61D05540-6648-4DD6-9809-FA546BBB1FFC}"
EndProject
Project("{2150E333-8FDC-42A3-9474-1A3956D46DE8}") = "Desktop", "Desktop", "{0F60D6BD-240F-4B53-AAF3-D4DA3F4552A0}"
EndProject
Global
	GlobalSection(SolutionConfigurationPlatforms) = preSolution
		Ad-Hoc|Any CPU = Ad-Hoc|Any CPU
		Ad-Hoc|ARM = Ad-Hoc|ARM
		Ad-Hoc|iPhone = Ad-Hoc|iPhone
		Ad-Hoc|iPhoneSimulator = Ad-Hoc|iPhoneSimulator
		Ad-Hoc|x86 = Ad-Hoc|x86
		AppStore|Any CPU = AppStore|Any CPU
		AppStore|ARM = AppStore|ARM
		AppStore|iPhone = AppStore|iPhone
		AppStore|iPhoneSimulator = AppStore|iPhoneSimulator
		AppStore|x86 = AppStore|x86
		Debug|Any CPU = Debug|Any CPU
		Debug|ARM = Debug|ARM
		Debug|iPhone = Debug|iPhone
		Debug|iPhoneSimulator = Debug|iPhoneSimulator
		Debug|x86 = Debug|x86
		Release|Any CPU = Release|Any CPU
		Release|ARM = Release|ARM
		Release|iPhone = Release|iPhone
		Release|iPhoneSimulator = Release|iPhoneSimulator
		Release|x86 = Release|x86
	EndGlobalSection
	GlobalSection(ProjectConfigurationPlatforms) = postSolution
		{E0934903-F647-4A58-8811-513D65D725BD}.Ad-Hoc|Any CPU.ActiveCfg = Release|Any CPU
		{E0934903-F647-4A58-8811-513D65D725BD}.Ad-Hoc|Any CPU.Build.0 = Release|Any CPU
		{E0934903-F647-4A58-8811-513D65D725BD}.Ad-Hoc|ARM.ActiveCfg = Release|Any CPU
		{E0934903-F647-4A58-8811-513D65D725BD}.Ad-Hoc|ARM.Build.0 = Release|Any CPU
		{E0934903-F647-4A58-8811-513D65D725BD}.Ad-Hoc|iPhone.ActiveCfg = Release|Any CPU
		{E0934903-F647-4A58-8811-513D65D725BD}.Ad-Hoc|iPhone.Build.0 = Release|Any CPU
		{E0934903-F647-4A58-8811-513D65D725BD}.Ad-Hoc|iPhoneSimulator.ActiveCfg = Release|Any CPU
		{E0934903-F647-4A58-8811-513D65D725BD}.Ad-Hoc|iPhoneSimulator.Build.0 = Release|Any CPU
		{E0934903-F647-4A58-8811-513D65D725BD}.Ad-Hoc|x86.ActiveCfg = Release|Any CPU
		{E0934903-F647-4A58-8811-513D65D725BD}.Ad-Hoc|x86.Build.0 = Release|Any CPU
		{E0934903-F647-4A58-8811-513D65D725BD}.AppStore|Any CPU.ActiveCfg = Release|Any CPU
		{E0934903-F647-4A58-8811-513D65D725BD}.AppStore|Any CPU.Build.0 = Release|Any CPU
		{E0934903-F647-4A58-8811-513D65D725BD}.AppStore|ARM.ActiveCfg = Release|Any CPU
		{E0934903-F647-4A58-8811-513D65D725BD}.AppStore|ARM.Build.0 = Release|Any CPU
		{E0934903-F647-4A58-8811-513D65D725BD}.AppStore|iPhone.ActiveCfg = Release|Any CPU
		{E0934903-F647-4A58-8811-513D65D725BD}.AppStore|iPhone.Build.0 = Release|Any CPU
		{E0934903-F647-4A58-8811-513D65D725BD}.AppStore|iPhoneSimulator.ActiveCfg = Release|Any CPU
		{E0934903-F647-4A58-8811-513D65D725BD}.AppStore|iPhoneSimulator.Build.0 = Release|Any CPU
		{E0934903-F647-4A58-8811-513D65D725BD}.AppStore|x86.ActiveCfg = Release|Any CPU
		{E0934903-F647-4A58-8811-513D65D725BD}.AppStore|x86.Build.0 = Release|Any CPU
		{E0934903-F647-4A58-8811-513D65D725BD}.Debug|Any CPU.ActiveCfg = Debug|Any CPU
		{E0934903-F647-4A58-8811-513D65D725BD}.Debug|Any CPU.Build.0 = Debug|Any CPU
		{E0934903-F647-4A58-8811-513D65D725BD}.Debug|ARM.ActiveCfg = Debug|Any CPU
		{E0934903-F647-4A58-8811-513D65D725BD}.Debug|ARM.Build.0 = Debug|Any CPU
		{E0934903-F647-4A58-8811-513D65D725BD}.Debug|iPhone.ActiveCfg = Debug|Any CPU
		{E0934903-F647-4A58-8811-513D65D725BD}.Debug|iPhone.Build.0 = Debug|Any CPU
		{E0934903-F647-4A58-8811-513D65D725BD}.Debug|iPhoneSimulator.ActiveCfg = Debug|Any CPU
		{E0934903-F647-4A58-8811-513D65D725BD}.Debug|iPhoneSimulator.Build.0 = Debug|Any CPU
		{E0934903-F647-4A58-8811-513D65D725BD}.Debug|x86.ActiveCfg = Debug|Any CPU
		{E0934903-F647-4A58-8811-513D65D725BD}.Debug|x86.Build.0 = Debug|Any CPU
		{E0934903-F647-4A58-8811-513D65D725BD}.Release|Any CPU.ActiveCfg = Release|Any CPU
		{E0934903-F647-4A58-8811-513D65D725BD}.Release|Any CPU.Build.0 = Release|Any CPU
		{E0934903-F647-4A58-8811-513D65D725BD}.Release|ARM.ActiveCfg = Release|Any CPU
		{E0934903-F647-4A58-8811-513D65D725BD}.Release|ARM.Build.0 = Release|Any CPU
		{E0934903-F647-4A58-8811-513D65D725BD}.Release|iPhone.ActiveCfg = Release|Any CPU
		{E0934903-F647-4A58-8811-513D65D725BD}.Release|iPhone.Build.0 = Release|Any CPU
		{E0934903-F647-4A58-8811-513D65D725BD}.Release|iPhoneSimulator.ActiveCfg = Release|Any CPU
		{E0934903-F647-4A58-8811-513D65D725BD}.Release|iPhoneSimulator.Build.0 = Release|Any CPU
		{E0934903-F647-4A58-8811-513D65D725BD}.Release|x86.ActiveCfg = Release|Any CPU
		{E0934903-F647-4A58-8811-513D65D725BD}.Release|x86.Build.0 = Release|Any CPU
		{AF0ACC7E-6D1F-448C-93EB-8D986BBAE3CF}.Ad-Hoc|Any CPU.ActiveCfg = Ad-Hoc|iPhone
		{AF0ACC7E-6D1F-448C-93EB-8D986BBAE3CF}.Ad-Hoc|ARM.ActiveCfg = Ad-Hoc|iPhone
		{AF0ACC7E-6D1F-448C-93EB-8D986BBAE3CF}.Ad-Hoc|iPhone.ActiveCfg = Ad-Hoc|iPhone
		{AF0ACC7E-6D1F-448C-93EB-8D986BBAE3CF}.Ad-Hoc|iPhone.Build.0 = Ad-Hoc|iPhone
		{AF0ACC7E-6D1F-448C-93EB-8D986BBAE3CF}.Ad-Hoc|iPhoneSimulator.ActiveCfg = Ad-Hoc|iPhoneSimulator
		{AF0ACC7E-6D1F-448C-93EB-8D986BBAE3CF}.Ad-Hoc|iPhoneSimulator.Build.0 = Ad-Hoc|iPhoneSimulator
		{AF0ACC7E-6D1F-448C-93EB-8D986BBAE3CF}.Ad-Hoc|x86.ActiveCfg = Ad-Hoc|iPhone
		{AF0ACC7E-6D1F-448C-93EB-8D986BBAE3CF}.AppStore|Any CPU.ActiveCfg = AppStore|iPhone
		{AF0ACC7E-6D1F-448C-93EB-8D986BBAE3CF}.AppStore|ARM.ActiveCfg = AppStore|iPhone
		{AF0ACC7E-6D1F-448C-93EB-8D986BBAE3CF}.AppStore|iPhone.ActiveCfg = AppStore|iPhone
		{AF0ACC7E-6D1F-448C-93EB-8D986BBAE3CF}.AppStore|iPhone.Build.0 = AppStore|iPhone
		{AF0ACC7E-6D1F-448C-93EB-8D986BBAE3CF}.AppStore|iPhoneSimulator.ActiveCfg = AppStore|iPhoneSimulator
		{AF0ACC7E-6D1F-448C-93EB-8D986BBAE3CF}.AppStore|iPhoneSimulator.Build.0 = AppStore|iPhoneSimulator
		{AF0ACC7E-6D1F-448C-93EB-8D986BBAE3CF}.AppStore|x86.ActiveCfg = AppStore|iPhone
		{AF0ACC7E-6D1F-448C-93EB-8D986BBAE3CF}.Debug|Any CPU.ActiveCfg = Debug|iPhone
		{AF0ACC7E-6D1F-448C-93EB-8D986BBAE3CF}.Debug|ARM.ActiveCfg = Debug|iPhone
		{AF0ACC7E-6D1F-448C-93EB-8D986BBAE3CF}.Debug|iPhone.ActiveCfg = Debug|iPhone
		{AF0ACC7E-6D1F-448C-93EB-8D986BBAE3CF}.Debug|iPhone.Build.0 = Debug|iPhone
		{AF0ACC7E-6D1F-448C-93EB-8D986BBAE3CF}.Debug|iPhoneSimulator.ActiveCfg = Debug|iPhoneSimulator
		{AF0ACC7E-6D1F-448C-93EB-8D986BBAE3CF}.Debug|iPhoneSimulator.Build.0 = Debug|iPhoneSimulator
		{AF0ACC7E-6D1F-448C-93EB-8D986BBAE3CF}.Debug|x86.ActiveCfg = Debug|iPhone
		{AF0ACC7E-6D1F-448C-93EB-8D986BBAE3CF}.Release|Any CPU.ActiveCfg = Release|iPhone
		{AF0ACC7E-6D1F-448C-93EB-8D986BBAE3CF}.Release|ARM.ActiveCfg = Release|iPhone
		{AF0ACC7E-6D1F-448C-93EB-8D986BBAE3CF}.Release|iPhone.ActiveCfg = Release|iPhone
		{AF0ACC7E-6D1F-448C-93EB-8D986BBAE3CF}.Release|iPhone.Build.0 = Release|iPhone
		{AF0ACC7E-6D1F-448C-93EB-8D986BBAE3CF}.Release|iPhoneSimulator.ActiveCfg = Release|iPhoneSimulator
		{AF0ACC7E-6D1F-448C-93EB-8D986BBAE3CF}.Release|iPhoneSimulator.Build.0 = Release|iPhoneSimulator
		{AF0ACC7E-6D1F-448C-93EB-8D986BBAE3CF}.Release|x86.ActiveCfg = Release|iPhone
		{B587D0F7-5E6A-4A9B-8F9C-71B3BC77088B}.Ad-Hoc|Any CPU.ActiveCfg = Release|Any CPU
		{B587D0F7-5E6A-4A9B-8F9C-71B3BC77088B}.Ad-Hoc|Any CPU.Build.0 = Release|Any CPU
		{B587D0F7-5E6A-4A9B-8F9C-71B3BC77088B}.Ad-Hoc|Any CPU.Deploy.0 = Release|Any CPU
		{B587D0F7-5E6A-4A9B-8F9C-71B3BC77088B}.Ad-Hoc|ARM.ActiveCfg = Release|Any CPU
		{B587D0F7-5E6A-4A9B-8F9C-71B3BC77088B}.Ad-Hoc|ARM.Build.0 = Release|Any CPU
		{B587D0F7-5E6A-4A9B-8F9C-71B3BC77088B}.Ad-Hoc|ARM.Deploy.0 = Release|Any CPU
		{B587D0F7-5E6A-4A9B-8F9C-71B3BC77088B}.Ad-Hoc|iPhone.ActiveCfg = Release|Any CPU
		{B587D0F7-5E6A-4A9B-8F9C-71B3BC77088B}.Ad-Hoc|iPhone.Build.0 = Release|Any CPU
		{B587D0F7-5E6A-4A9B-8F9C-71B3BC77088B}.Ad-Hoc|iPhone.Deploy.0 = Release|Any CPU
		{B587D0F7-5E6A-4A9B-8F9C-71B3BC77088B}.Ad-Hoc|iPhoneSimulator.ActiveCfg = Release|Any CPU
		{B587D0F7-5E6A-4A9B-8F9C-71B3BC77088B}.Ad-Hoc|iPhoneSimulator.Build.0 = Release|Any CPU
		{B587D0F7-5E6A-4A9B-8F9C-71B3BC77088B}.Ad-Hoc|iPhoneSimulator.Deploy.0 = Release|Any CPU
		{B587D0F7-5E6A-4A9B-8F9C-71B3BC77088B}.Ad-Hoc|x86.ActiveCfg = Release|Any CPU
		{B587D0F7-5E6A-4A9B-8F9C-71B3BC77088B}.Ad-Hoc|x86.Build.0 = Release|Any CPU
		{B587D0F7-5E6A-4A9B-8F9C-71B3BC77088B}.Ad-Hoc|x86.Deploy.0 = Release|Any CPU
		{B587D0F7-5E6A-4A9B-8F9C-71B3BC77088B}.AppStore|Any CPU.ActiveCfg = Release|Any CPU
		{B587D0F7-5E6A-4A9B-8F9C-71B3BC77088B}.AppStore|Any CPU.Build.0 = Release|Any CPU
		{B587D0F7-5E6A-4A9B-8F9C-71B3BC77088B}.AppStore|Any CPU.Deploy.0 = Release|Any CPU
		{B587D0F7-5E6A-4A9B-8F9C-71B3BC77088B}.AppStore|ARM.ActiveCfg = Release|Any CPU
		{B587D0F7-5E6A-4A9B-8F9C-71B3BC77088B}.AppStore|ARM.Build.0 = Release|Any CPU
		{B587D0F7-5E6A-4A9B-8F9C-71B3BC77088B}.AppStore|ARM.Deploy.0 = Release|Any CPU
		{B587D0F7-5E6A-4A9B-8F9C-71B3BC77088B}.AppStore|iPhone.ActiveCfg = Release|Any CPU
		{B587D0F7-5E6A-4A9B-8F9C-71B3BC77088B}.AppStore|iPhone.Build.0 = Release|Any CPU
		{B587D0F7-5E6A-4A9B-8F9C-71B3BC77088B}.AppStore|iPhone.Deploy.0 = Release|Any CPU
		{B587D0F7-5E6A-4A9B-8F9C-71B3BC77088B}.AppStore|iPhoneSimulator.ActiveCfg = Release|Any CPU
		{B587D0F7-5E6A-4A9B-8F9C-71B3BC77088B}.AppStore|iPhoneSimulator.Build.0 = Release|Any CPU
		{B587D0F7-5E6A-4A9B-8F9C-71B3BC77088B}.AppStore|iPhoneSimulator.Deploy.0 = Release|Any CPU
		{B587D0F7-5E6A-4A9B-8F9C-71B3BC77088B}.AppStore|x86.ActiveCfg = Release|Any CPU
		{B587D0F7-5E6A-4A9B-8F9C-71B3BC77088B}.AppStore|x86.Build.0 = Release|Any CPU
		{B587D0F7-5E6A-4A9B-8F9C-71B3BC77088B}.AppStore|x86.Deploy.0 = Release|Any CPU
		{B587D0F7-5E6A-4A9B-8F9C-71B3BC77088B}.Debug|Any CPU.ActiveCfg = Debug|Any CPU
		{B587D0F7-5E6A-4A9B-8F9C-71B3BC77088B}.Debug|Any CPU.Build.0 = Debug|Any CPU
		{B587D0F7-5E6A-4A9B-8F9C-71B3BC77088B}.Debug|Any CPU.Deploy.0 = Debug|Any CPU
		{B587D0F7-5E6A-4A9B-8F9C-71B3BC77088B}.Debug|ARM.ActiveCfg = Debug|Any CPU
		{B587D0F7-5E6A-4A9B-8F9C-71B3BC77088B}.Debug|ARM.Build.0 = Debug|Any CPU
		{B587D0F7-5E6A-4A9B-8F9C-71B3BC77088B}.Debug|ARM.Deploy.0 = Debug|Any CPU
		{B587D0F7-5E6A-4A9B-8F9C-71B3BC77088B}.Debug|iPhone.ActiveCfg = Debug|Any CPU
		{B587D0F7-5E6A-4A9B-8F9C-71B3BC77088B}.Debug|iPhone.Build.0 = Debug|Any CPU
		{B587D0F7-5E6A-4A9B-8F9C-71B3BC77088B}.Debug|iPhone.Deploy.0 = Debug|Any CPU
		{B587D0F7-5E6A-4A9B-8F9C-71B3BC77088B}.Debug|iPhoneSimulator.ActiveCfg = Debug|Any CPU
		{B587D0F7-5E6A-4A9B-8F9C-71B3BC77088B}.Debug|iPhoneSimulator.Build.0 = Debug|Any CPU
		{B587D0F7-5E6A-4A9B-8F9C-71B3BC77088B}.Debug|iPhoneSimulator.Deploy.0 = Debug|Any CPU
		{B587D0F7-5E6A-4A9B-8F9C-71B3BC77088B}.Debug|x86.ActiveCfg = Debug|Any CPU
		{B587D0F7-5E6A-4A9B-8F9C-71B3BC77088B}.Debug|x86.Build.0 = Debug|Any CPU
		{B587D0F7-5E6A-4A9B-8F9C-71B3BC77088B}.Debug|x86.Deploy.0 = Debug|Any CPU
		{B587D0F7-5E6A-4A9B-8F9C-71B3BC77088B}.Release|Any CPU.ActiveCfg = Release|Any CPU
		{B587D0F7-5E6A-4A9B-8F9C-71B3BC77088B}.Release|Any CPU.Build.0 = Release|Any CPU
		{B587D0F7-5E6A-4A9B-8F9C-71B3BC77088B}.Release|Any CPU.Deploy.0 = Release|Any CPU
		{B587D0F7-5E6A-4A9B-8F9C-71B3BC77088B}.Release|ARM.ActiveCfg = Release|Any CPU
		{B587D0F7-5E6A-4A9B-8F9C-71B3BC77088B}.Release|ARM.Build.0 = Release|Any CPU
		{B587D0F7-5E6A-4A9B-8F9C-71B3BC77088B}.Release|ARM.Deploy.0 = Release|Any CPU
		{B587D0F7-5E6A-4A9B-8F9C-71B3BC77088B}.Release|iPhone.ActiveCfg = Release|Any CPU
		{B587D0F7-5E6A-4A9B-8F9C-71B3BC77088B}.Release|iPhone.Build.0 = Release|Any CPU
		{B587D0F7-5E6A-4A9B-8F9C-71B3BC77088B}.Release|iPhone.Deploy.0 = Release|Any CPU
		{B587D0F7-5E6A-4A9B-8F9C-71B3BC77088B}.Release|iPhoneSimulator.ActiveCfg = Release|Any CPU
		{B587D0F7-5E6A-4A9B-8F9C-71B3BC77088B}.Release|iPhoneSimulator.Build.0 = Release|Any CPU
		{B587D0F7-5E6A-4A9B-8F9C-71B3BC77088B}.Release|iPhoneSimulator.Deploy.0 = Release|Any CPU
		{B587D0F7-5E6A-4A9B-8F9C-71B3BC77088B}.Release|x86.ActiveCfg = Release|Any CPU
		{B587D0F7-5E6A-4A9B-8F9C-71B3BC77088B}.Release|x86.Build.0 = Release|Any CPU
		{B587D0F7-5E6A-4A9B-8F9C-71B3BC77088B}.Release|x86.Deploy.0 = Release|Any CPU
		{7F64D4DC-9450-4810-9EF2-B10F9813F42B}.Ad-Hoc|Any CPU.ActiveCfg = Release|Any CPU
		{7F64D4DC-9450-4810-9EF2-B10F9813F42B}.Ad-Hoc|Any CPU.Build.0 = Release|Any CPU
		{7F64D4DC-9450-4810-9EF2-B10F9813F42B}.Ad-Hoc|Any CPU.Deploy.0 = Release|Any CPU
		{7F64D4DC-9450-4810-9EF2-B10F9813F42B}.Ad-Hoc|ARM.ActiveCfg = Release|ARM
		{7F64D4DC-9450-4810-9EF2-B10F9813F42B}.Ad-Hoc|ARM.Build.0 = Release|ARM
		{7F64D4DC-9450-4810-9EF2-B10F9813F42B}.Ad-Hoc|ARM.Deploy.0 = Release|ARM
		{7F64D4DC-9450-4810-9EF2-B10F9813F42B}.Ad-Hoc|iPhone.ActiveCfg = Release|Any CPU
		{7F64D4DC-9450-4810-9EF2-B10F9813F42B}.Ad-Hoc|iPhone.Build.0 = Release|Any CPU
		{7F64D4DC-9450-4810-9EF2-B10F9813F42B}.Ad-Hoc|iPhone.Deploy.0 = Release|Any CPU
		{7F64D4DC-9450-4810-9EF2-B10F9813F42B}.Ad-Hoc|iPhoneSimulator.ActiveCfg = Release|Any CPU
		{7F64D4DC-9450-4810-9EF2-B10F9813F42B}.Ad-Hoc|iPhoneSimulator.Build.0 = Release|Any CPU
		{7F64D4DC-9450-4810-9EF2-B10F9813F42B}.Ad-Hoc|iPhoneSimulator.Deploy.0 = Release|Any CPU
		{7F64D4DC-9450-4810-9EF2-B10F9813F42B}.Ad-Hoc|x86.ActiveCfg = Release|x86
		{7F64D4DC-9450-4810-9EF2-B10F9813F42B}.Ad-Hoc|x86.Build.0 = Release|x86
		{7F64D4DC-9450-4810-9EF2-B10F9813F42B}.Ad-Hoc|x86.Deploy.0 = Release|x86
		{7F64D4DC-9450-4810-9EF2-B10F9813F42B}.AppStore|Any CPU.ActiveCfg = Release|Any CPU
		{7F64D4DC-9450-4810-9EF2-B10F9813F42B}.AppStore|Any CPU.Build.0 = Release|Any CPU
		{7F64D4DC-9450-4810-9EF2-B10F9813F42B}.AppStore|Any CPU.Deploy.0 = Release|Any CPU
		{7F64D4DC-9450-4810-9EF2-B10F9813F42B}.AppStore|ARM.ActiveCfg = Release|ARM
		{7F64D4DC-9450-4810-9EF2-B10F9813F42B}.AppStore|ARM.Build.0 = Release|ARM
		{7F64D4DC-9450-4810-9EF2-B10F9813F42B}.AppStore|ARM.Deploy.0 = Release|ARM
		{7F64D4DC-9450-4810-9EF2-B10F9813F42B}.AppStore|iPhone.ActiveCfg = Release|Any CPU
		{7F64D4DC-9450-4810-9EF2-B10F9813F42B}.AppStore|iPhone.Build.0 = Release|Any CPU
		{7F64D4DC-9450-4810-9EF2-B10F9813F42B}.AppStore|iPhone.Deploy.0 = Release|Any CPU
		{7F64D4DC-9450-4810-9EF2-B10F9813F42B}.AppStore|iPhoneSimulator.ActiveCfg = Release|Any CPU
		{7F64D4DC-9450-4810-9EF2-B10F9813F42B}.AppStore|iPhoneSimulator.Build.0 = Release|Any CPU
		{7F64D4DC-9450-4810-9EF2-B10F9813F42B}.AppStore|iPhoneSimulator.Deploy.0 = Release|Any CPU
		{7F64D4DC-9450-4810-9EF2-B10F9813F42B}.AppStore|x86.ActiveCfg = Release|x86
		{7F64D4DC-9450-4810-9EF2-B10F9813F42B}.AppStore|x86.Build.0 = Release|x86
		{7F64D4DC-9450-4810-9EF2-B10F9813F42B}.AppStore|x86.Deploy.0 = Release|x86
		{7F64D4DC-9450-4810-9EF2-B10F9813F42B}.Debug|Any CPU.ActiveCfg = Debug|Any CPU
		{7F64D4DC-9450-4810-9EF2-B10F9813F42B}.Debug|Any CPU.Build.0 = Debug|Any CPU
		{7F64D4DC-9450-4810-9EF2-B10F9813F42B}.Debug|Any CPU.Deploy.0 = Debug|Any CPU
		{7F64D4DC-9450-4810-9EF2-B10F9813F42B}.Debug|ARM.ActiveCfg = Debug|ARM
		{7F64D4DC-9450-4810-9EF2-B10F9813F42B}.Debug|ARM.Build.0 = Debug|ARM
		{7F64D4DC-9450-4810-9EF2-B10F9813F42B}.Debug|ARM.Deploy.0 = Debug|ARM
		{7F64D4DC-9450-4810-9EF2-B10F9813F42B}.Debug|iPhone.ActiveCfg = Debug|Any CPU
		{7F64D4DC-9450-4810-9EF2-B10F9813F42B}.Debug|iPhone.Build.0 = Debug|Any CPU
		{7F64D4DC-9450-4810-9EF2-B10F9813F42B}.Debug|iPhone.Deploy.0 = Debug|Any CPU
		{7F64D4DC-9450-4810-9EF2-B10F9813F42B}.Debug|iPhoneSimulator.ActiveCfg = Debug|Any CPU
		{7F64D4DC-9450-4810-9EF2-B10F9813F42B}.Debug|iPhoneSimulator.Build.0 = Debug|Any CPU
		{7F64D4DC-9450-4810-9EF2-B10F9813F42B}.Debug|iPhoneSimulator.Deploy.0 = Debug|Any CPU
		{7F64D4DC-9450-4810-9EF2-B10F9813F42B}.Debug|x86.ActiveCfg = Debug|x86
		{7F64D4DC-9450-4810-9EF2-B10F9813F42B}.Debug|x86.Build.0 = Debug|x86
		{7F64D4DC-9450-4810-9EF2-B10F9813F42B}.Debug|x86.Deploy.0 = Debug|x86
		{7F64D4DC-9450-4810-9EF2-B10F9813F42B}.Release|Any CPU.ActiveCfg = Release|Any CPU
		{7F64D4DC-9450-4810-9EF2-B10F9813F42B}.Release|Any CPU.Build.0 = Release|Any CPU
		{7F64D4DC-9450-4810-9EF2-B10F9813F42B}.Release|Any CPU.Deploy.0 = Release|Any CPU
		{7F64D4DC-9450-4810-9EF2-B10F9813F42B}.Release|ARM.ActiveCfg = Release|ARM
		{7F64D4DC-9450-4810-9EF2-B10F9813F42B}.Release|ARM.Build.0 = Release|ARM
		{7F64D4DC-9450-4810-9EF2-B10F9813F42B}.Release|ARM.Deploy.0 = Release|ARM
		{7F64D4DC-9450-4810-9EF2-B10F9813F42B}.Release|iPhone.ActiveCfg = Release|Any CPU
		{7F64D4DC-9450-4810-9EF2-B10F9813F42B}.Release|iPhone.Build.0 = Release|Any CPU
		{7F64D4DC-9450-4810-9EF2-B10F9813F42B}.Release|iPhone.Deploy.0 = Release|Any CPU
		{7F64D4DC-9450-4810-9EF2-B10F9813F42B}.Release|iPhoneSimulator.ActiveCfg = Release|Any CPU
		{7F64D4DC-9450-4810-9EF2-B10F9813F42B}.Release|iPhoneSimulator.Build.0 = Release|Any CPU
		{7F64D4DC-9450-4810-9EF2-B10F9813F42B}.Release|iPhoneSimulator.Deploy.0 = Release|Any CPU
		{7F64D4DC-9450-4810-9EF2-B10F9813F42B}.Release|x86.ActiveCfg = Release|x86
		{7F64D4DC-9450-4810-9EF2-B10F9813F42B}.Release|x86.Build.0 = Release|x86
		{7F64D4DC-9450-4810-9EF2-B10F9813F42B}.Release|x86.Deploy.0 = Release|x86
	EndGlobalSection
	GlobalSection(SolutionProperties) = preSolution
		HideSolutionNode = FALSE
	EndGlobalSection
	GlobalSection(NestedProjects) = preSolution
		{E0934903-F647-4A58-8811-513D65D725BD} = {D47C2F75-E8FF-41D7-BFF3-7639E4CEF8B8}
	EndGlobalSection
EndGlobal
